
Microsoft Visual Studio Solution File, Format Version 12.00
# Visual Studio Version 17
VisualStudioVersion = 17.6.33723.286
MinimumVisualStudioVersion = 10.0.40219.1
Project("{FAE04EC0-301F-11D3-BF4B-00C04F79EFBC}") = "InfobridgeAssessment", "InfobridgeAssessment\InfobridgeAssessment.csproj", "{0742ED23-1F5E-442C-B91B-71B75EE97F20}"
EndProject
Global
	GlobalSection(SolutionConfigurationPlatforms) = preSolution
		Debug|Any CPU = Debug|Any CPU
		Release|Any CPU = Release|Any CPU
	EndGlobalSection
	GlobalSection(ProjectConfigurationPlatforms) = postSolution
		{0742ED23-1F5E-442C-B91B-71B75EE97F20}.Debug|Any CPU.ActiveCfg = Debug|Any CPU
		{0742ED23-1F5E-442C-B91B-71B75EE97F20}.Debug|Any CPU.Build.0 = Debug|Any CPU
		{0742ED23-1F5E-442C-B91B-71B75EE97F20}.Release|Any CPU.ActiveCfg = Release|Any CPU
		{0742ED23-1F5E-442C-B91B-71B75EE97F20}.Release|Any CPU.Build.0 = Release|Any CPU
	EndGlobalSection
	GlobalSection(SolutionProperties) = preSolution
		HideSolutionNode = FALSE
	EndGlobalSection
	GlobalSection(ExtensibilityGlobals) = postSolution
		SolutionGuid = {D4EF15B5-A603-416A-9E75-6FC8A072CAB0}
	EndGlobalSection
EndGlobal
